
Microsoft Visual Studio Solution File, Format Version 12.00
# Visual Studio Version 16
VisualStudioVersion = 16.0.31005.135
MinimumVisualStudioVersion = 10.0.40219.1
Project("{FAE04EC0-301F-11D3-BF4B-00C04F79EFBC}") = "Forms_Transfer", "Forms_Transfer\Forms_Transfer.csproj", "{484CE05F-31B5-4AB1-AB07-38D9C11FFA1B}"
EndProject
Global
	GlobalSection(SolutionConfigurationPlatforms) = preSolution
		Debug|Any CPU = Debug|Any CPU
		Release|Any CPU = Release|Any CPU
	EndGlobalSection
	GlobalSection(ProjectConfigurationPlatforms) = postSolution
		{484CE05F-31B5-4AB1-AB07-38D9C11FFA1B}.Debug|Any CPU.ActiveCfg = Debug|Any CPU
		{484CE05F-31B5-4AB1-AB07-38D9C11FFA1B}.Debug|Any CPU.Build.0 = Debug|Any CPU
		{484CE05F-31B5-4AB1-AB07-38D9C11FFA1B}.Release|Any CPU.ActiveCfg = Release|Any CPU
		{484CE05F-31B5-4AB1-AB07-38D9C11FFA1B}.Release|Any CPU.Build.0 = Release|Any CPU
	EndGlobalSection
	GlobalSection(SolutionProperties) = preSolution
		HideSolutionNode = FALSE
	EndGlobalSection
	GlobalSection(ExtensibilityGlobals) = postSolution
		SolutionGuid = {88A05A59-4FC0-4777-ABCF-A629A811C73A}
	EndGlobalSection
EndGlobal
